
Microsoft Visual Studio Solution File, Format Version 12.00
# Visual Studio 15
Project("{FAE04EC0-301F-11D3-BF4B-00C04F79EFBC}") = "AIEnrichmentSearchDemo.Android", "AIEnrichmentSearchDemo.Android\AIEnrichmentSearchDemo.Android.csproj", "{FFFDDBB2-BF63-4482-9AF3-0A22935EED10}"
EndProject
Project("{FAE04EC0-301F-11D3-BF4B-00C04F79EFBC}") = "AIEnrichmentSearchDemo.iOS", "AIEnrichmentSearchDemo.iOS\AIEnrichmentSearchDemo.iOS.csproj", "{10C0C0A0-8DD6-497D-838F-CE594805F8E2}"
EndProject
Project("{FAE04EC0-301F-11D3-BF4B-00C04F79EFBC}") = "AIEnrichmentSearchDemo", "AIEnrichmentSearchDemo\AIEnrichmentSearchDemo.csproj", "{C8FB0F8C-7126-41A5-ABA6-363953835871}"
EndProject
Global
	GlobalSection(SolutionConfigurationPlatforms) = preSolution
		Debug|Any CPU = Debug|Any CPU
		Release|Any CPU = Release|Any CPU
		Debug|iPhoneSimulator = Debug|iPhoneSimulator
		Release|iPhoneSimulator = Release|iPhoneSimulator
		Debug|iPhone = Debug|iPhone
		Release|iPhone = Release|iPhone
	EndGlobalSection
	GlobalSection(ProjectConfigurationPlatforms) = postSolution
		{FFFDDBB2-BF63-4482-9AF3-0A22935EED10}.Debug|Any CPU.ActiveCfg = Debug|Any CPU
		{FFFDDBB2-BF63-4482-9AF3-0A22935EED10}.Debug|Any CPU.Build.0 = Debug|Any CPU
		{FFFDDBB2-BF63-4482-9AF3-0A22935EED10}.Release|Any CPU.ActiveCfg = Release|Any CPU
		{FFFDDBB2-BF63-4482-9AF3-0A22935EED10}.Release|Any CPU.Build.0 = Release|Any CPU
		{FFFDDBB2-BF63-4482-9AF3-0A22935EED10}.Debug|iPhoneSimulator.ActiveCfg = Debug|Any CPU
		{FFFDDBB2-BF63-4482-9AF3-0A22935EED10}.Debug|iPhoneSimulator.Build.0 = Debug|Any CPU
		{FFFDDBB2-BF63-4482-9AF3-0A22935EED10}.Release|iPhoneSimulator.ActiveCfg = Release|Any CPU
		{FFFDDBB2-BF63-4482-9AF3-0A22935EED10}.Release|iPhoneSimulator.Build.0 = Release|Any CPU
		{FFFDDBB2-BF63-4482-9AF3-0A22935EED10}.Debug|iPhone.ActiveCfg = Debug|Any CPU
		{FFFDDBB2-BF63-4482-9AF3-0A22935EED10}.Debug|iPhone.Build.0 = Debug|Any CPU
		{FFFDDBB2-BF63-4482-9AF3-0A22935EED10}.Release|iPhone.ActiveCfg = Release|Any CPU
		{FFFDDBB2-BF63-4482-9AF3-0A22935EED10}.Release|iPhone.Build.0 = Release|Any CPU
		{10C0C0A0-8DD6-497D-838F-CE594805F8E2}.Debug|Any CPU.ActiveCfg = Debug|iPhoneSimulator
		{10C0C0A0-8DD6-497D-838F-CE594805F8E2}.Debug|Any CPU.Build.0 = Debug|iPhoneSimulator
		{10C0C0A0-8DD6-497D-838F-CE594805F8E2}.Release|Any CPU.ActiveCfg = Release|iPhoneSimulator
		{10C0C0A0-8DD6-497D-838F-CE594805F8E2}.Release|Any CPU.Build.0 = Release|iPhoneSimulator
		{10C0C0A0-8DD6-497D-838F-CE594805F8E2}.Debug|iPhoneSimulator.ActiveCfg = Debug|iPhoneSimulator
		{10C0C0A0-8DD6-497D-838F-CE594805F8E2}.Debug|iPhoneSimulator.Build.0 = Debug|iPhoneSimulator
		{10C0C0A0-8DD6-497D-838F-CE594805F8E2}.Release|iPhoneSimulator.ActiveCfg = Release|iPhoneSimulator
		{10C0C0A0-8DD6-497D-838F-CE594805F8E2}.Release|iPhoneSimulator.Build.0 = Release|iPhoneSimulator
		{10C0C0A0-8DD6-497D-838F-CE594805F8E2}.Debug|iPhone.ActiveCfg = Debug|iPhone
		{10C0C0A0-8DD6-497D-838F-CE594805F8E2}.Debug|iPhone.Build.0 = Debug|iPhone
		{10C0C0A0-8DD6-497D-838F-CE594805F8E2}.Release|iPhone.ActiveCfg = Release|iPhone
		{10C0C0A0-8DD6-497D-838F-CE594805F8E2}.Release|iPhone.Build.0 = Release|iPhone
		{C8FB0F8C-7126-41A5-ABA6-363953835871}.Debug|Any CPU.ActiveCfg = Debug|Any CPU
		{C8FB0F8C-7126-41A5-ABA6-363953835871}.Debug|Any CPU.Build.0 = Debug|Any CPU
		{C8FB0F8C-7126-41A5-ABA6-363953835871}.Release|Any CPU.ActiveCfg = Release|Any CPU
		{C8FB0F8C-7126-41A5-ABA6-363953835871}.Release|Any CPU.Build.0 = Release|Any CPU
		{C8FB0F8C-7126-41A5-ABA6-363953835871}.Debug|iPhoneSimulator.ActiveCfg = Debug|Any CPU
		{C8FB0F8C-7126-41A5-ABA6-363953835871}.Debug|iPhoneSimulator.Build.0 = Debug|Any CPU
		{C8FB0F8C-7126-41A5-ABA6-363953835871}.Release|iPhoneSimulator.ActiveCfg = Release|Any CPU
		{C8FB0F8C-7126-41A5-ABA6-363953835871}.Release|iPhoneSimulator.Build.0 = Release|Any CPU
		{C8FB0F8C-7126-41A5-ABA6-363953835871}.Debug|iPhone.ActiveCfg = Debug|Any CPU
		{C8FB0F8C-7126-41A5-ABA6-363953835871}.Debug|iPhone.Build.0 = Debug|Any CPU
		{C8FB0F8C-7126-41A5-ABA6-363953835871}.Release|iPhone.ActiveCfg = Release|Any CPU
		{C8FB0F8C-7126-41A5-ABA6-363953835871}.Release|iPhone.Build.0 = Release|Any CPU
	EndGlobalSection
EndGlobal
